
Microsoft Visual Studio Solution File, Format Version 12.00
# Visual Studio Version 16
VisualStudioVersion = 16.0.30907.101
MinimumVisualStudioVersion = 10.0.40219.1
Project("{FAE04EC0-301F-11D3-BF4B-00C04F79EFBC}") = "AvaRadio", "AvaRadio\AvaRadio.csproj", "{B368C0B0-5536-48B9-9DF4-BAE6F3D94AF2}"
EndProject
Global
	GlobalSection(SolutionConfigurationPlatforms) = preSolution
		Debug|Any CPU = Debug|Any CPU
		Release|Any CPU = Release|Any CPU
	EndGlobalSection
	GlobalSection(ProjectConfigurationPlatforms) = postSolution
		{B368C0B0-5536-48B9-9DF4-BAE6F3D94AF2}.Debug|Any CPU.ActiveCfg = Debug|Any CPU
		{B368C0B0-5536-48B9-9DF4-BAE6F3D94AF2}.Debug|Any CPU.Build.0 = Debug|Any CPU
		{B368C0B0-5536-48B9-9DF4-BAE6F3D94AF2}.Release|Any CPU.ActiveCfg = Release|Any CPU
		{B368C0B0-5536-48B9-9DF4-BAE6F3D94AF2}.Release|Any CPU.Build.0 = Release|Any CPU
	EndGlobalSection
	GlobalSection(SolutionProperties) = preSolution
		HideSolutionNode = FALSE
	EndGlobalSection
	GlobalSection(ExtensibilityGlobals) = postSolution
		SolutionGuid = {A2FE646E-651A-4417-89C0-D90843DD4AA6}
	EndGlobalSection
EndGlobal
